<?xml version="1.0" encoding="utf-8"?>
<Project ToolsVersion="4.0" xmlns="http://schemas.microsoft.com/developer/msbuild/2003">
  <ItemGroup>
    <Filter Include="Source Files">
      <UniqueIdentifier>{4FC737F1-C7A5-4376-A066-2A32D752A2FF}</UniqueIdentifier>
      <Extensions>cpp;c;cc;cxx;def;odl;idl;hpj;bat;asm;asmx</Extensions>
    </Filter>
    <Filter Include="tabletool">
      <UniqueIdentifier>{93995380-89BD-4b04-88EB-625FBE52EBFB}</UniqueIdentifier>
      <Extensions>h;hh;hpp;hxx;hm;inl;inc;xsd</Extensions>
    </Filter>
  </ItemGroup>
  <ItemGroup>
    <ClCompile Include="main.cpp">
      <Filter>Source Files</Filter>
    </ClCompile>
    <ClCompile Include="tabtool\readtablefile.cpp">
      <Filter>tabletool</Filter>
    </ClCompile>
    <ClCompile Include="tabtool\table_load.cpp">
      <Filter>tabletool</Filter>
    </ClCompile>
  </ItemGroup>
  <ItemGroup>
    <ClInclude Include="tabtool\activity_type.h">
      <Filter>tabletool</Filter>
    </ClInclude>
    <ClInclude Include="tabtool\attack_type.h">
      <Filter>tabletool</Filter>
    </ClInclude>
    <ClInclude Include="tabtool\myconfig.h">
      <Filter>tabletool</Filter>
    </ClInclude>
    <ClInclude Include="tabtool\quality.h">
      <Filter>tabletool</Filter>
    </ClInclude>
    <ClInclude Include="tabtool\readtablefield.h">
      <Filter>tabletool</Filter>
    </ClInclude>
    <ClInclude Include="tabtool\readtablefile.h">
      <Filter>tabletool</Filter>
    </ClInclude>
    <ClInclude Include="tabtool\res_code.h">
      <Filter>tabletool</Filter>
    </ClInclude>
    <ClInclude Include="tabtool\resource_type.h">
      <Filter>tabletool</Filter>
    </ClInclude>
    <ClInclude Include="tabtool\singleton.h">
      <Filter>tabletool</Filter>
    </ClInclude>
    <ClInclude Include="tabtool\tablestruct.h">
      <Filter>tabletool</Filter>
    </ClInclude>
    <ClInclude Include="tabtool\td_actor.hpp">
      <Filter>tabletool</Filter>
    </ClInclude>
    <ClInclude Include="tabtool\td_actorlvup.hpp">
      <Filter>tabletool</Filter>
    </ClInclude>
    <ClInclude Include="tabtool\td_actortalent.hpp">
      <Filter>tabletool</Filter>
    </ClInclude>
  </ItemGroup>
</Project>